
Microsoft Visual Studio Solution File, Format Version 12.00
# Visual Studio 2013
VisualStudioVersion = 12.0.40629.0
MinimumVisualStudioVersion = 10.0.40219.1
Project("{FAE04EC0-301F-11D3-BF4B-00C04F79EFBC}") = "01.RemoveNegativesAndReverse", "01.RemoveNegativesAndReverse\01.RemoveNegativesAndReverse.csproj", "{89372437-0384-4440-A8B4-FFFCB50A724F}"
EndProject
Project("{FAE04EC0-301F-11D3-BF4B-00C04F79EFBC}") = "02.AppendLists", "02.AppendLists\02.AppendLists.csproj", "{B68886A9-9399-4612-86B6-1299FC15716D}"
EndProject
Project("{FAE04EC0-301F-11D3-BF4B-00C04F79EFBC}") = "03.SumAdjecentEqualNumbers", "03.SumAdjecentEqualNumbers\03.SumAdjecentEqualNumbers.csproj", "{65CA68A7-5949-4BFA-BB27-730656A787FF}"
EndProject
Project("{FAE04EC0-301F-11D3-BF4B-00C04F79EFBC}") = "04.SplitByWordCasing", "04.SplitByWordCasing\04.SplitByWordCasing.csproj", "{6D427D67-2371-4308-93BE-0C17B7DFCF41}"
EndProject
Project("{FAE04EC0-301F-11D3-BF4B-00C04F79EFBC}") = "05.SortNumbers", "05.SortNumbers\05.SortNumbers.csproj", "{DA2AF38C-BBDA-4147-A73B-714C5D88AAE6}"
EndProject
Project("{FAE04EC0-301F-11D3-BF4B-00C04F79EFBC}") = "06.SquareNumbers", "06.SquareNumbers\06.SquareNumbers.csproj", "{726613C0-9CE5-4797-89FD-03DAD7D3B0E1}"
EndProject
Project("{FAE04EC0-301F-11D3-BF4B-00C04F79EFBC}") = "07.CountNumbers", "07.CountNumbers\07.CountNumbers.csproj", "{FD8ACF26-2D0B-4255-A556-C00BEB3F6B9F}"
EndProject
Project("{FAE04EC0-301F-11D3-BF4B-00C04F79EFBC}") = "08.MatrixOfLetters", "08.MatrixOfLetters\08.MatrixOfLetters.csproj", "{BDF25C74-2934-4590-99AA-CEDD33FFC721}"
EndProject
Project("{FAE04EC0-301F-11D3-BF4B-00C04F79EFBC}") = "09.RotateMatrix", "09.RotateMatrix\09.RotateMatrix.csproj", "{029D4053-D23F-4E3F-96AA-AB1BF4500809}"
EndProject
Global
	GlobalSection(SolutionConfigurationPlatforms) = preSolution
		Debug|Any CPU = Debug|Any CPU
		Release|Any CPU = Release|Any CPU
	EndGlobalSection
	GlobalSection(ProjectConfigurationPlatforms) = postSolution
		{89372437-0384-4440-A8B4-FFFCB50A724F}.Debug|Any CPU.ActiveCfg = Debug|Any CPU
		{89372437-0384-4440-A8B4-FFFCB50A724F}.Debug|Any CPU.Build.0 = Debug|Any CPU
		{89372437-0384-4440-A8B4-FFFCB50A724F}.Release|Any CPU.ActiveCfg = Release|Any CPU
		{89372437-0384-4440-A8B4-FFFCB50A724F}.Release|Any CPU.Build.0 = Release|Any CPU
		{B68886A9-9399-4612-86B6-1299FC15716D}.Debug|Any CPU.ActiveCfg = Debug|Any CPU
		{B68886A9-9399-4612-86B6-1299FC15716D}.Debug|Any CPU.Build.0 = Debug|Any CPU
		{B68886A9-9399-4612-86B6-1299FC15716D}.Release|Any CPU.ActiveCfg = Release|Any CPU
		{B68886A9-9399-4612-86B6-1299FC15716D}.Release|Any CPU.Build.0 = Release|Any CPU
		{65CA68A7-5949-4BFA-BB27-730656A787FF}.Debug|Any CPU.ActiveCfg = Debug|Any CPU
		{65CA68A7-5949-4BFA-BB27-730656A787FF}.Debug|Any CPU.Build.0 = Debug|Any CPU
		{65CA68A7-5949-4BFA-BB27-730656A787FF}.Release|Any CPU.ActiveCfg = Release|Any CPU
		{65CA68A7-5949-4BFA-BB27-730656A787FF}.Release|Any CPU.Build.0 = Release|Any CPU
		{6D427D67-2371-4308-93BE-0C17B7DFCF41}.Debug|Any CPU.ActiveCfg = Debug|Any CPU
		{6D427D67-2371-4308-93BE-0C17B7DFCF41}.Debug|Any CPU.Build.0 = Debug|Any CPU
		{6D427D67-2371-4308-93BE-0C17B7DFCF41}.Release|Any CPU.ActiveCfg = Release|Any CPU
		{6D427D67-2371-4308-93BE-0C17B7DFCF41}.Release|Any CPU.Build.0 = Release|Any CPU
		{DA2AF38C-BBDA-4147-A73B-714C5D88AAE6}.Debug|Any CPU.ActiveCfg = Debug|Any CPU
		{DA2AF38C-BBDA-4147-A73B-714C5D88AAE6}.Debug|Any CPU.Build.0 = Debug|Any CPU
		{DA2AF38C-BBDA-4147-A73B-714C5D88AAE6}.Release|Any CPU.ActiveCfg = Release|Any CPU
		{DA2AF38C-BBDA-4147-A73B-714C5D88AAE6}.Release|Any CPU.Build.0 = Release|Any CPU
		{726613C0-9CE5-4797-89FD-03DAD7D3B0E1}.Debug|Any CPU.ActiveCfg = Debug|Any CPU
		{726613C0-9CE5-4797-89FD-03DAD7D3B0E1}.Debug|Any CPU.Build.0 = Debug|Any CPU
		{726613C0-9CE5-4797-89FD-03DAD7D3B0E1}.Release|Any CPU.ActiveCfg = Release|Any CPU
		{726613C0-9CE5-4797-89FD-03DAD7D3B0E1}.Release|Any CPU.Build.0 = Release|Any CPU
		{FD8ACF26-2D0B-4255-A556-C00BEB3F6B9F}.Debug|Any CPU.ActiveCfg = Debug|Any CPU
		{FD8ACF26-2D0B-4255-A556-C00BEB3F6B9F}.Debug|Any CPU.Build.0 = Debug|Any CPU
		{FD8ACF26-2D0B-4255-A556-C00BEB3F6B9F}.Release|Any CPU.ActiveCfg = Release|Any CPU
		{FD8ACF26-2D0B-4255-A556-C00BEB3F6B9F}.Release|Any CPU.Build.0 = Release|Any CPU
		{BDF25C74-2934-4590-99AA-CEDD33FFC721}.Debug|Any CPU.ActiveCfg = Debug|Any CPU
		{BDF25C74-2934-4590-99AA-CEDD33FFC721}.Debug|Any CPU.Build.0 = Debug|Any CPU
		{BDF25C74-2934-4590-99AA-CEDD33FFC721}.Release|Any CPU.ActiveCfg = Release|Any CPU
		{BDF25C74-2934-4590-99AA-CEDD33FFC721}.Release|Any CPU.Build.0 = Release|Any CPU
		{029D4053-D23F-4E3F-96AA-AB1BF4500809}.Debug|Any CPU.ActiveCfg = Debug|Any CPU
		{029D4053-D23F-4E3F-96AA-AB1BF4500809}.Debug|Any CPU.Build.0 = Debug|Any CPU
		{029D4053-D23F-4E3F-96AA-AB1BF4500809}.Release|Any CPU.ActiveCfg = Release|Any CPU
		{029D4053-D23F-4E3F-96AA-AB1BF4500809}.Release|Any CPU.Build.0 = Release|Any CPU
	EndGlobalSection
	GlobalSection(SolutionProperties) = preSolution
		HideSolutionNode = FALSE
	EndGlobalSection
EndGlobal
